// !$*UTF8*$!
{
	archiveVersion = 1;
	classes = {
	};
	objectVersion = 50;
	objects = {

/* Begin PBXBuildFile section */
		170A0C1922984016006DC680 /* AppDelegate.m in Sources */ = {isa = PBXBuildFile; fileRef = 170A0C1822984016006DC680 /* AppDelegate.m */; };
		170A0C1F22984016006DC680 /* Main.storyboard in Resources */ = {isa = PBXBuildFile; fileRef = 170A0C1D22984016006DC680 /* Main.storyboard */; };
		170A0C2222984016006DC680 /* MovieSearch_C.xcdatamodeld in Sources */ = {isa = PBXBuildFile; fileRef = 170A0C2022984016006DC680 /* MovieSearch_C.xcdatamodeld */; };
		170A0C2422984018006DC680 /* Assets.xcassets in Resources */ = {isa = PBXBuildFile; fileRef = 170A0C2322984018006DC680 /* Assets.xcassets */; };
		170A0C2722984018006DC680 /* LaunchScreen.storyboard in Resources */ = {isa = PBXBuildFile; fileRef = 170A0C2522984018006DC680 /* LaunchScreen.storyboard */; };
		170A0C2A22984018006DC680 /* main.m in Sources */ = {isa = PBXBuildFile; fileRef = 170A0C2922984018006DC680 /* main.m */; };
		170A0C322298408D006DC680 /* HAJMovie.m in Sources */ = {isa = PBXBuildFile; fileRef = 170A0C312298408D006DC680 /* HAJMovie.m */; };
		170A0C362298490B006DC680 /* HAJMovieController.m in Sources */ = {isa = PBXBuildFile; fileRef = 170A0C352298490B006DC680 /* HAJMovieController.m */; };
		170A0C3D22985468006DC680 /* MovieTableViewCell.swift in Sources */ = {isa = PBXBuildFile; fileRef = 170A0C3C22985468006DC680 /* MovieTableViewCell.swift */; };
		170A0C4122985839006DC680 /* MovieTableViewController.swift in Sources */ = {isa = PBXBuildFile; fileRef = 170A0C4022985839006DC680 /* MovieTableViewController.swift */; };
/* End PBXBuildFile section */

/* Begin PBXFileReference section */
		170A0C1422984016006DC680 /* MovieSearch-C.app */ = {isa = PBXFileReference; explicitFileType = wrapper.application; includeInIndex = 0; path = "MovieSearch-C.app"; sourceTree = BUILT_PRODUCTS_DIR; };
		170A0C1722984016006DC680 /* AppDelegate.h */ = {isa = PBXFileReference; lastKnownFileType = sourcecode.c.h; path = AppDelegate.h; sourceTree = "<group>"; };
		170A0C1822984016006DC680 /* AppDelegate.m */ = {isa = PBXFileReference; lastKnownFileType = sourcecode.c.objc; path = AppDelegate.m; sourceTree = "<group>"; };
		170A0C1E22984016006DC680 /* Base */ = {isa = PBXFileReference; lastKnownFileType = file.storyboard; name = Base; path = Base.lproj/Main.storyboard; sourceTree = "<group>"; };
		170A0C2122984016006DC680 /* MovieSearch_C.xcdatamodel */ = {isa = PBXFileReference; lastKnownFileType = wrapper.xcdatamodel; path = MovieSearch_C.xcdatamodel; sourceTree = "<group>"; };
		170A0C2322984018006DC680 /* Assets.xcassets */ = {isa = PBXFileReference; lastKnownFileType = folder.assetcatalog; path = Assets.xcassets; sourceTree = "<group>"; };
		170A0C2622984018006DC680 /* Base */ = {isa = PBXFileReference; lastKnownFileType = file.storyboard; name = Base; path = Base.lproj/LaunchScreen.storyboard; sourceTree = "<group>"; };
		170A0C2822984018006DC680 /* Info.plist */ = {isa = PBXFileReference; lastKnownFileType = text.plist.xml; path = Info.plist; sourceTree = "<group>"; };
		170A0C2922984018006DC680 /* main.m */ = {isa = PBXFileReference; lastKnownFileType = sourcecode.c.objc; path = main.m; sourceTree = "<group>"; };
		170A0C302298408D006DC680 /* HAJMovie.h */ = {isa = PBXFileReference; lastKnownFileType = sourcecode.c.h; path = HAJMovie.h; sourceTree = "<group>"; };
		170A0C312298408D006DC680 /* HAJMovie.m */ = {isa = PBXFileReference; lastKnownFileType = sourcecode.c.objc; path = HAJMovie.m; sourceTree = "<group>"; };
		170A0C342298490B006DC680 /* HAJMovieController.h */ = {isa = PBXFileReference; lastKnownFileType = sourcecode.c.h; path = HAJMovieController.h; sourceTree = "<group>"; };
		170A0C352298490B006DC680 /* HAJMovieController.m */ = {isa = PBXFileReference; lastKnownFileType = sourcecode.c.objc; path = HAJMovieController.m; sourceTree = "<group>"; };
		170A0C3B22985467006DC680 /* MovieSearch-C-Bridging-Header.h */ = {isa = PBXFileReference; lastKnownFileType = sourcecode.c.h; path = "MovieSearch-C-Bridging-Header.h"; sourceTree = "<group>"; };
		170A0C3C22985468006DC680 /* MovieTableViewCell.swift */ = {isa = PBXFileReference; lastKnownFileType = sourcecode.swift; path = MovieTableViewCell.swift; sourceTree = "<group>"; };
		170A0C4022985839006DC680 /* MovieTableViewController.swift */ = {isa = PBXFileReference; lastKnownFileType = sourcecode.swift; path = MovieTableViewController.swift; sourceTree = "<group>"; };
/* End PBXFileReference section */

/* Begin PBXFrameworksBuildPhase section */
		170A0C1122984016006DC680 /* Frameworks */ = {
			isa = PBXFrameworksBuildPhase;
			buildActionMask = 2147483647;
			files = (
			);
			runOnlyForDeploymentPostprocessing = 0;
		};
/* End PBXFrameworksBuildPhase section */

/* Begin PBXGroup section */
		170A0C0B22984016006DC680 = {
			isa = PBXGroup;
			children = (
				170A0C1622984016006DC680 /* MovieSearch-C */,
				170A0C1522984016006DC680 /* Products */,
			);
			sourceTree = "<group>";
		};
		170A0C1522984016006DC680 /* Products */ = {
			isa = PBXGroup;
			children = (
				170A0C1422984016006DC680 /* MovieSearch-C.app */,
			);
			name = Products;
			sourceTree = "<group>";
		};
		170A0C1622984016006DC680 /* MovieSearch-C */ = {
			isa = PBXGroup;
			children = (
				170A0C1722984016006DC680 /* AppDelegate.h */,
				170A0C1822984016006DC680 /* AppDelegate.m */,
				170A0C1D22984016006DC680 /* Main.storyboard */,
				170A0C42229858AC006DC680 /* View Controller */,
				170A0C2322984018006DC680 /* Assets.xcassets */,
				170A0C2522984018006DC680 /* LaunchScreen.storyboard */,
				170A0C2822984018006DC680 /* Info.plist */,
				170A0C2922984018006DC680 /* main.m */,
				170A0C2022984016006DC680 /* MovieSearch_C.xcdatamodeld */,
				170A0C3B22985467006DC680 /* MovieSearch-C-Bridging-Header.h */,
				170A0C3C22985468006DC680 /* MovieTableViewCell.swift */,
				170A0C3F2298549F006DC680 /* View */,
				170A0C372298543B006DC680 /* Model Controller */,
				170A0C33229848F7006DC680 /* Model */,
				170A0C3E2298548B006DC680 /* Bridging Header */,
			);
			path = "MovieSearch-C";
			sourceTree = "<group>";
		};
		170A0C33229848F7006DC680 /* Model */ = {
			isa = PBXGroup;
			children = (
				170A0C302298408D006DC680 /* HAJMovie.h */,
				170A0C312298408D006DC680 /* HAJMovie.m */,
			);
			path = Model;
			sourceTree = "<group>";
		};
		170A0C372298543B006DC680 /* Model Controller */ = {
			isa = PBXGroup;
			children = (
				170A0C342298490B006DC680 /* HAJMovieController.h */,
				170A0C352298490B006DC680 /* HAJMovieController.m */,
			);
			path = "Model Controller";
			sourceTree = "<group>";
		};
		170A0C3E2298548B006DC680 /* Bridging Header */ = {
			isa = PBXGroup;
			children = (
			);
			path = "Bridging Header";
			sourceTree = "<group>";
		};
		170A0C3F2298549F006DC680 /* View */ = {
			isa = PBXGroup;
			children = (
			);
			path = View;
			sourceTree = "<group>";
		};
		170A0C42229858AC006DC680 /* View Controller */ = {
			isa = PBXGroup;
			children = (
				170A0C4022985839006DC680 /* MovieTableViewController.swift */,
			);
			path = "View Controller";
			sourceTree = "<group>";
		};
/* End PBXGroup section */

/* Begin PBXNativeTarget section */
		170A0C1322984016006DC680 /* MovieSearch-C */ = {
			isa = PBXNativeTarget;
			buildConfigurationList = 170A0C2D22984018006DC680 /* Build configuration list for PBXNativeTarget "MovieSearch-C" */;
			buildPhases = (
				170A0C1022984016006DC680 /* Sources */,
				170A0C1122984016006DC680 /* Frameworks */,
				170A0C1222984016006DC680 /* Resources */,
			);
			buildRules = (
			);
			dependencies = (
			);
			name = "MovieSearch-C";
			productName = "MovieSearch-C";
			productReference = 170A0C1422984016006DC680 /* MovieSearch-C.app */;
			productType = "com.apple.product-type.application";
		};
/* End PBXNativeTarget section */

/* Begin PBXProject section */
		170A0C0C22984016006DC680 /* Project object */ = {
			isa = PBXProject;
			attributes = {
				LastUpgradeCheck = 1020;
				ORGANIZATIONNAME = HaleyJones;
				TargetAttributes = {
					170A0C1322984016006DC680 = {
						CreatedOnToolsVersion = 10.2.1;
						LastSwiftMigration = 1020;
					};
				};
			};
			buildConfigurationList = 170A0C0F22984016006DC680 /* Build configuration list for PBXProject "MovieSearch-C" */;
			compatibilityVersion = "Xcode 9.3";
			developmentRegion = en;
			hasScannedForEncodings = 0;
			knownRegions = (
				en,
				Base,
			);
			mainGroup = 170A0C0B22984016006DC680;
			productRefGroup = 170A0C1522984016006DC680 /* Products */;
			projectDirPath = "";
			projectRoot = "";
			targets = (
				170A0C1322984016006DC680 /* MovieSearch-C */,
			);
		};
/* End PBXProject section */

/* Begin PBXResourcesBuildPhase section */
		170A0C1222984016006DC680 /* Resources */ = {
			isa = PBXResourcesBuildPhase;
			buildActionMask = 2147483647;
			files = (
				170A0C2722984018006DC680 /* LaunchScreen.storyboard in Resources */,
				170A0C2422984018006DC680 /* Assets.xcassets in Resources */,
				170A0C1F22984016006DC680 /* Main.storyboard in Resources */,
			);
			runOnlyForDeploymentPostprocessing = 0;
		};
/* End PBXResourcesBuildPhase section */

/* Begin PBXSourcesBuildPhase section */
		170A0C1022984016006DC680 /* Sources */ = {
			isa = PBXSourcesBuildPhase;
			buildActionMask = 2147483647;
			files = (
				170A0C362298490B006DC680 /* HAJMovieController.m in Sources */,
				170A0C322298408D006DC680 /* HAJMovie.m in Sources */,
				170A0C3D22985468006DC680 /* MovieTableViewCell.swift in Sources */,
				170A0C2222984016006DC680 /* MovieSearch_C.xcdatamodeld in Sources */,
				170A0C2A22984018006DC680 /* main.m in Sources */,
				170A0C1922984016006DC680 /* AppDelegate.m in Sources */,
				170A0C4122985839006DC680 /* MovieTableViewController.swift in Sources */,
			);
			runOnlyForDeploymentPostprocessing = 0;
		};
/* End PBXSourcesBuildPhase section */

/* Begin PBXVariantGroup section */
		170A0C1D22984016006DC680 /* Main.storyboard */ = {
			isa = PBXVariantGroup;
			children = (
				170A0C1E22984016006DC680 /* Base */,
			);
			name = Main.storyboard;
			sourceTree = "<group>";
		};
		170A0C2522984018006DC680 /* LaunchScreen.storyboard */ = {
			isa = PBXVariantGroup;
			children = (
				170A0C2622984018006DC680 /* Base */,
			);
			name = LaunchScreen.storyboard;
			sourceTree = "<group>";
		};
/* End PBXVariantGroup section */

/* Begin XCBuildConfiguration section */
		170A0C2B22984018006DC680 /* Debug */ = {
			isa = XCBuildConfiguration;
			buildSettings = {
				ALWAYS_SEARCH_USER_PATHS = NO;
				CLANG_ANALYZER_NONNULL = YES;
				CLANG_ANALYZER_NUMBER_OBJECT_CONVERSION = YES_AGGRESSIVE;
				CLANG_CXX_LANGUAGE_STANDARD = "gnu++14";
				CLANG_CXX_LIBRARY = "libc++";
				CLANG_ENABLE_MODULES = YES;
				CLANG_ENABLE_OBJC_ARC = YES;
				CLANG_ENABLE_OBJC_WEAK = YES;
				CLANG_WARN_BLOCK_CAPTURE_AUTORELEASING = YES;
				CLANG_WARN_BOOL_CONVERSION = YES;
				CLANG_WARN_COMMA = YES;
				CLANG_WARN_CONSTANT_CONVERSION = YES;
				CLANG_WARN_DEPRECATED_OBJC_IMPLEMENTATIONS = YES;
				CLANG_WARN_DIRECT_OBJC_ISA_USAGE = YES_ERROR;
				CLANG_WARN_DOCUMENTATION_COMMENTS = YES;
				CLANG_WARN_EMPTY_BODY = YES;
				CLANG_WARN_ENUM_CONVERSION = YES;
				CLANG_WARN_INFINITE_RECURSION = YES;
				CLANG_WARN_INT_CONVERSION = YES;
				CLANG_WARN_NON_LITERAL_NULL_CONVERSION = YES;
				CLANG_WARN_OBJC_IMPLICIT_RETAIN_SELF = YES;
				CLANG_WARN_OBJC_LITERAL_CONVERSION = YES;
				CLANG_WARN_OBJC_ROOT_CLASS = YES_ERROR;
				CLANG_WARN_RANGE_LOOP_ANALYSIS = YES;
				CLANG_WARN_STRICT_PROTOTYPES = YES;
				CLANG_WARN_SUSPICIOUS_MOVE = YES;
				CLANG_WARN_UNGUARDED_AVAILABILITY = YES_AGGRESSIVE;
				CLANG_WARN_UNREACHABLE_CODE = YES;
				CLANG_WARN__DUPLICATE_METHOD_MATCH = YES;
				CODE_SIGN_IDENTITY = "iPhone Developer";
				COPY_PHASE_STRIP = NO;
				DEBUG_INFORMATION_FORMAT = dwarf;
				ENABLE_STRICT_OBJC_MSGSEND = YES;
				ENABLE_TESTABILITY = YES;
				GCC_C_LANGUAGE_STANDARD = gnu11;
				GCC_DYNAMIC_NO_PIC = NO;
				GCC_NO_COMMON_BLOCKS = YES;
				GCC_OPTIMIZATION_LEVEL = 0;
				GCC_PREPROCESSOR_DEFINITIONS = (
					"DEBUG=1",
					"$(inherited)",
				);
				GCC_WARN_64_TO_32_BIT_CONVERSION = YES;
				GCC_WARN_ABOUT_RETURN_TYPE = YES_ERROR;
				GCC_WARN_UNDECLARED_SELECTOR = YES;
				GCC_WARN_UNINITIALIZED_AUTOS = YES_AGGRESSIVE;
				GCC_WARN_UNUSED_FUNCTION = YES;
				GCC_WARN_UNUSED_VARIABLE = YES;
				IPHONEOS_DEPLOYMENT_TARGET = 12.2;
				MTL_ENABLE_DEBUG_INFO = INCLUDE_SOURCE;
				MTL_FAST_MATH = YES;
				ONLY_ACTIVE_ARCH = YES;
				SDKROOT = iphoneos;
			};
			name = Debug;
		};
		170A0C2C22984018006DC680 /* Release */ = {
			isa = XCBuildConfiguration;
			buildSettings = {
				ALWAYS_SEARCH_USER_PATHS = NO;
				CLANG_ANALYZER_NONNULL = YES;
				CLANG_ANALYZER_NUMBER_OBJECT_CONVERSION = YES_AGGRESSIVE;
				CLANG_CXX_LANGUAGE_STANDARD = "gnu++14";
				CLANG_CXX_LIBRARY = "libc++";
				CLANG_ENABLE_MODULES = YES;
				CLANG_ENABLE_OBJC_ARC = YES;
				CLANG_ENABLE_OBJC_WEAK = YES;
				CLANG_WARN_BLOCK_CAPTURE_AUTORELEASING = YES;
				CLANG_WARN_BOOL_CONVERSION = YES;
				CLANG_WARN_COMMA = YES;
				CLANG_WARN_CONSTANT_CONVERSION = YES;
				CLANG_WARN_DEPRECATED_OBJC_IMPLEMENTATIONS = YES;
				CLANG_WARN_DIRECT_OBJC_ISA_USAGE = YES_ERROR;
				CLANG_WARN_DOCUMENTATION_COMMENTS = YES;
				CLANG_WARN_EMPTY_BODY = YES;
				CLANG_WARN_ENUM_CONVERSION = YES;
				CLANG_WARN_INFINITE_RECURSION = YES;
				CLANG_WARN_INT_CONVERSION = YES;
				CLANG_WARN_NON_LITERAL_NULL_CONVERSION = YES;
				CLANG_WARN_OBJC_IMPLICIT_RETAIN_SELF = YES;
				CLANG_WARN_OBJC_LITERAL_CONVERSION = YES;
				CLANG_WARN_OBJC_ROOT_CLASS = YES_ERROR;
				CLANG_WARN_RANGE_LOOP_ANALYSIS = YES;
				CLANG_WARN_STRICT_PROTOTYPES = YES;
				CLANG_WARN_SUSPICIOUS_MOVE = YES;
				CLANG_WARN_UNGUARDED_AVAILABILITY = YES_AGGRESSIVE;
				CLANG_WARN_UNREACHABLE_CODE = YES;
				CLANG_WARN__DUPLICATE_METHOD_MATCH = YES;
				CODE_SIGN_IDENTITY = "iPhone Developer";
				COPY_PHASE_STRIP = NO;
				DEBUG_INFORMATION_FORMAT = "dwarf-with-dsym";
				ENABLE_NS_ASSERTIONS = NO;
				ENABLE_STRICT_OBJC_MSGSEND = YES;
				GCC_C_LANGUAGE_STANDARD = gnu11;
				GCC_NO_COMMON_BLOCKS = YES;
				GCC_WARN_64_TO_32_BIT_CONVERSION = YES;
				GCC_WARN_ABOUT_RETURN_TYPE = YES_ERROR;
				GCC_WARN_UNDECLARED_SELECTOR = YES;
				GCC_WARN_UNINITIALIZED_AUTOS = YES_AGGRESSIVE;
				GCC_WARN_UNUSED_FUNCTION = YES;
				GCC_WARN_UNUSED_VARIABLE = YES;
				IPHONEOS_DEPLOYMENT_TARGET = 12.2;
				MTL_ENABLE_DEBUG_INFO = NO;
				MTL_FAST_MATH = YES;
				SDKROOT = iphoneos;
				VALIDATE_PRODUCT = YES;
			};
			name = Release;
		};
		170A0C2E22984018006DC680 /* Debug */ = {
			isa = XCBuildConfiguration;
			buildSettings = {
				ASSETCATALOG_COMPILER_APPICON_NAME = AppIcon;
				CLANG_ENABLE_MODULES = YES;
				CODE_SIGN_STYLE = Automatic;
				DEVELOPMENT_TEAM = 39YHWYH93Z;
				INFOPLIST_FILE = "MovieSearch-C/Info.plist";
				LD_RUNPATH_SEARCH_PATHS = (
					"$(inherited)",
					"@executable_path/Frameworks",
				);
				PRODUCT_BUNDLE_IDENTIFIER = "com.HaleyJones.MovieSearch-C";
				PRODUCT_NAME = "$(TARGET_NAME)";
				SWIFT_OBJC_BRIDGING_HEADER = "MovieSearch-C/MovieSearch-C-Bridging-Header.h";
				SWIFT_OPTIMIZATION_LEVEL = "-Onone";
				SWIFT_VERSION = 5.0;
				TARGETED_DEVICE_FAMILY = "1,2";
			};
			name = Debug;
		};
		170A0C2F22984018006DC680 /* Release */ = {
			isa = XCBuildConfiguration;
			buildSettings = {
				ASSETCATALOG_COMPILER_APPICON_NAME = AppIcon;
				CLANG_ENABLE_MODULES = YES;
				CODE_SIGN_STYLE = Automatic;
				DEVELOPMENT_TEAM = 39YHWYH93Z;
				INFOPLIST_FILE = "MovieSearch-C/Info.plist";
				LD_RUNPATH_SEARCH_PATHS = (
					"$(inherited)",
					"@executable_path/Frameworks",
				);
				PRODUCT_BUNDLE_IDENTIFIER = "com.HaleyJones.MovieSearch-C";
				PRODUCT_NAME = "$(TARGET_NAME)";
				SWIFT_OBJC_BRIDGING_HEADER = "MovieSearch-C/MovieSearch-C-Bridging-Header.h";
				SWIFT_VERSION = 5.0;
				TARGETED_DEVICE_FAMILY = "1,2";
			};
			name = Release;
		};
/* End XCBuildConfiguration section */

/* Begin XCConfigurationList section */
		170A0C0F22984016006DC680 /* Build configuration list for PBXProject "MovieSearch-C" */ = {
			isa = XCConfigurationList;
			buildConfigurations = (
				170A0C2B22984018006DC680 /* Debug */,
				170A0C2C22984018006DC680 /* Release */,
			);
			defaultConfigurationIsVisible = 0;
			defaultConfigurationName = Release;
		};
		170A0C2D22984018006DC680 /* Build configuration list for PBXNativeTarget "MovieSearch-C" */ = {
			isa = XCConfigurationList;
			buildConfigurations = (
				170A0C2E22984018006DC680 /* Debug */,
				170A0C2F22984018006DC680 /* Release */,
			);
			defaultConfigurationIsVisible = 0;
			defaultConfigurationName = Release;
		};
/* End XCConfigurationList section */

/* Begin XCVersionGroup section */
		170A0C2022984016006DC680 /* MovieSearch_C.xcdatamodeld */ = {
			isa = XCVersionGroup;
			children = (
				170A0C2122984016006DC680 /* MovieSearch_C.xcdatamodel */,
			);
			currentVersion = 170A0C2122984016006DC680 /* MovieSearch_C.xcdatamodel */;
			path = MovieSearch_C.xcdatamodeld;
			sourceTree = "<group>";
			versionGroupType = wrapper.xcdatamodel;
		};
/* End XCVersionGroup section */
	};
	rootObject = 170A0C0C22984016006DC680 /* Project object */;
}
